
Microsoft Visual Studio Solution File, Format Version 12.00
# Visual Studio Version 16
VisualStudioVersion = 16.0.29905.134
MinimumVisualStudioVersion = 10.0.40219.1
Project("{9A19103F-16F7-4668-BE54-9A1E7A4F7556}") = "Logging.Raven", "Logging.Raven\Logging.Raven.csproj", "{F865F609-99C2-4453-BB8F-1E447961CCAF}"
EndProject
Project("{FAE04EC0-301F-11D3-BF4B-00C04F79EFBC}") = "Logging.Raven.Example", "Logging.Raven.Example\Logging.Raven.Example.csproj", "{DCFD80AA-9615-43B0-BEC9-6976E2003294}"
EndProject
Global
	GlobalSection(SolutionConfigurationPlatforms) = preSolution
		Debug|Any CPU = Debug|Any CPU
		Release|Any CPU = Release|Any CPU
	EndGlobalSection
	GlobalSection(ProjectConfigurationPlatforms) = postSolution
		{F865F609-99C2-4453-BB8F-1E447961CCAF}.Debug|Any CPU.ActiveCfg = Debug|Any CPU
		{F865F609-99C2-4453-BB8F-1E447961CCAF}.Debug|Any CPU.Build.0 = Debug|Any CPU
		{F865F609-99C2-4453-BB8F-1E447961CCAF}.Release|Any CPU.ActiveCfg = Release|Any CPU
		{F865F609-99C2-4453-BB8F-1E447961CCAF}.Release|Any CPU.Build.0 = Release|Any CPU
		{DCFD80AA-9615-43B0-BEC9-6976E2003294}.Debug|Any CPU.ActiveCfg = Debug|Any CPU
		{DCFD80AA-9615-43B0-BEC9-6976E2003294}.Debug|Any CPU.Build.0 = Debug|Any CPU
		{DCFD80AA-9615-43B0-BEC9-6976E2003294}.Release|Any CPU.ActiveCfg = Release|Any CPU
		{DCFD80AA-9615-43B0-BEC9-6976E2003294}.Release|Any CPU.Build.0 = Release|Any CPU
	EndGlobalSection
	GlobalSection(SolutionProperties) = preSolution
		HideSolutionNode = FALSE
	EndGlobalSection
	GlobalSection(ExtensibilityGlobals) = postSolution
		SolutionGuid = {FD26DF86-063F-437C-8661-B8A432254194}
	EndGlobalSection
EndGlobal
